<?xml version="1.0" encoding="utf-8"?>
<Project ToolsVersion="4.0" xmlns="http://schemas.microsoft.com/developer/msbuild/2003">
  <ItemGroup>
    <Filter Include="src">
      <UniqueIdentifier>{ee214a81-7882-4051-a59a-377cc9f6bbc3}</UniqueIdentifier>
    </Filter>
    <Filter Include="include">
      <UniqueIdentifier>{0bf8a34e-8e6d-4377-a4d0-a7c0d8732666}</UniqueIdentifier>
    </Filter>
  </ItemGroup>
  <ItemGroup>
    <ClCompile Include="..\..\src\class_descriptor.cpp">
      <Filter>src</Filter>
    </ClCompile>
    <ClCompile Include="..\..\src\field.cpp">
      <Filter>src</Filter>
    </ClCompile>
    <ClCompile Include="..\..\src\stringer.cpp">
      <Filter>src</Filter>
    </ClCompile>
  </ItemGroup>
  <ItemGroup>
    <ClInclude Include="..\..\include\class_descriptor.h">
      <Filter>include</Filter>
    </ClInclude>
    <ClInclude Include="..\..\include\field.h">
      <Filter>include</Filter>
    </ClInclude>
    <ClInclude Include="..\..\include\stringer.h">
      <Filter>include</Filter>
    </ClInclude>
  </ItemGroup>
</Project>